
Microsoft Visual Studio Solution File, Format Version 12.00
Project("{FAE04EC0-301F-11D3-BF4B-00C04F79EFBC}") = "iterate.Ruhr-Server", "iterate.Ruhr-Server\iterate.Ruhr-Server.csproj", "{606E56E6-2F68-470C-9FF5-9239091B73B7}"
EndProject
Global
	GlobalSection(SolutionConfigurationPlatforms) = preSolution
		Debug|Any CPU = Debug|Any CPU
		Release|Any CPU = Release|Any CPU
	EndGlobalSection
	GlobalSection(ProjectConfigurationPlatforms) = postSolution
		{606E56E6-2F68-470C-9FF5-9239091B73B7}.Debug|Any CPU.ActiveCfg = Debug|Any CPU
		{606E56E6-2F68-470C-9FF5-9239091B73B7}.Debug|Any CPU.Build.0 = Debug|Any CPU
		{606E56E6-2F68-470C-9FF5-9239091B73B7}.Release|Any CPU.ActiveCfg = Release|Any CPU
		{606E56E6-2F68-470C-9FF5-9239091B73B7}.Release|Any CPU.Build.0 = Release|Any CPU
	EndGlobalSection
EndGlobal
